
Microsoft Visual Studio Solution File, Format Version 12.00
# Visual Studio Version 17
VisualStudioVersion = 17.1.32228.430
MinimumVisualStudioVersion = 10.0.40219.1
Project("{FAE04EC0-301F-11D3-BF4B-00C04F79EFBC}") = "WATO", "WATO\WATO.csproj", "{B1AA0259-E260-4DAA-9B47-E73462C63975}"
EndProject
Project("{FAE04EC0-301F-11D3-BF4B-00C04F79EFBC}") = "WpfApp", "WpfApp\WpfApp.csproj", "{0A2EF379-451B-4204-9BA2-8CE5369B092D}"
EndProject
Global
	GlobalSection(SolutionConfigurationPlatforms) = preSolution
		Debug|Any CPU = Debug|Any CPU
		Release|Any CPU = Release|Any CPU
	EndGlobalSection
	GlobalSection(ProjectConfigurationPlatforms) = postSolution
		{B1AA0259-E260-4DAA-9B47-E73462C63975}.Debug|Any CPU.ActiveCfg = Debug|Any CPU
		{B1AA0259-E260-4DAA-9B47-E73462C63975}.Debug|Any CPU.Build.0 = Debug|Any CPU
		{B1AA0259-E260-4DAA-9B47-E73462C63975}.Release|Any CPU.ActiveCfg = Release|Any CPU
		{B1AA0259-E260-4DAA-9B47-E73462C63975}.Release|Any CPU.Build.0 = Release|Any CPU
		{0A2EF379-451B-4204-9BA2-8CE5369B092D}.Debug|Any CPU.ActiveCfg = Debug|Any CPU
		{0A2EF379-451B-4204-9BA2-8CE5369B092D}.Debug|Any CPU.Build.0 = Debug|Any CPU
		{0A2EF379-451B-4204-9BA2-8CE5369B092D}.Release|Any CPU.ActiveCfg = Release|Any CPU
		{0A2EF379-451B-4204-9BA2-8CE5369B092D}.Release|Any CPU.Build.0 = Release|Any CPU
	EndGlobalSection
	GlobalSection(SolutionProperties) = preSolution
		HideSolutionNode = FALSE
	EndGlobalSection
	GlobalSection(ExtensibilityGlobals) = postSolution
		SolutionGuid = {433071BC-DD2F-4667-B53E-F8052EB58C3D}
	EndGlobalSection
EndGlobal
